github.com/evolbioinf/clio v0.0.0-20250730155633-f17ebc5319c4 h1:hM9EJS1TkHD8RPpnl/xKn3iLh+Q+EEuE/qnr8qOza1E=
github.com/evolbioinf/clio v0.0.0-20250730155633-f17ebc5319c4/go.mod h1:S13GccNRJPbjEsLZ/yCLFRVhdTS4qUJ+mf9GtZja8do=
github.com/evolbioinf/nwk v0.0.0-20230911105541-eb9548008fda h1:pGyxLc5n8NvdBtiHbquLMtiDO3mpjCWAVnS10dNYqjs=
github.com/evolbioinf/nwk v0.0.0-20230911105541-eb9548008fda/go.mod h1:AduknVpv3xviFarKiTVjKI73aA5fje7tY3k8ILXwB8I=
