github.com/evolbioinf/clio v0.0.0-20250730155633-f17ebc5319c4 h1:hM9EJS1TkHD8RPpnl/xKn3iLh+Q+EEuE/qnr8qOza1E=
github.com/evolbioinf/clio v0.0.0-20250730155633-f17ebc5319c4/go.mod h1:S13GccNRJPbjEsLZ/yCLFRVhdTS4qUJ+mf9GtZja8do=
github.com/evolbioinf/esa v0.0.0-20240208112648-445905ef2b6d h1:8csi45B75ky10mX7lh99rKneCVtdW1ttkIXMBVj84Ts=
github.com/evolbioinf/esa v0.0.0-20240208112648-445905ef2b6d/go.mod h1:JHdYx+agish2s0bExLYu4sfnkIpQfzQkugwgq+yPXDY=
